// !$*UTF8*$!
{
	archiveVersion = 1;
	classes = {
	};
	objectVersion = 46;
	objects = {

/* Begin PBXBuildFile section */
		52870F7B19BB7C00001E4163 /* main.swift in Sources */ = {isa = PBXBuildFile; fileRef = 52870F7A19BB7C00001E4163 /* main.swift */; };
		52D734FD19BBD7060059E612 /* Server.swift in Sources */ = {isa = PBXBuildFile; fileRef = 52D734FC19BBD7060059E612 /* Server.swift */; };
		52D734FF19BBD8470059E612 /* Connection.swift in Sources */ = {isa = PBXBuildFile; fileRef = 52D734FE19BBD8470059E612 /* Connection.swift */; };
		52D7350119BBD9290059E612 /* Request.swift in Sources */ = {isa = PBXBuildFile; fileRef = 52D7350019BBD9290059E612 /* Request.swift */; };
		52D7350319BBD9E80059E612 /* Response.swift in Sources */ = {isa = PBXBuildFile; fileRef = 52D7350219BBD9E80059E612 /* Response.swift */; };
/* End PBXBuildFile section */

/* Begin PBXCopyFilesBuildPhase section */
		52870F7519BB7C00001E4163 /* CopyFiles */ = {
			isa = PBXCopyFilesBuildPhase;
			buildActionMask = 2147483647;
			dstPath = /usr/share/man/man1/;
			dstSubfolderSpec = 0;
			files = (
			);
			runOnlyForDeploymentPostprocessing = 1;
		};
/* End PBXCopyFilesBuildPhase section */

/* Begin PBXFileReference section */
		52870F7719BB7C00001E4163 /* Tailor */ = {isa = PBXFileReference; explicitFileType = "compiled.mach-o.executable"; includeInIndex = 0; path = Tailor; sourceTree = BUILT_PRODUCTS_DIR; };
		52870F7A19BB7C00001E4163 /* main.swift */ = {isa = PBXFileReference; lastKnownFileType = sourcecode.swift; path = main.swift; sourceTree = "<group>"; };
		52D734FC19BBD7060059E612 /* Server.swift */ = {isa = PBXFileReference; fileEncoding = 4; lastKnownFileType = sourcecode.swift; name = Server.swift; path = lib/Server.swift; sourceTree = "<group>"; };
		52D734FE19BBD8470059E612 /* Connection.swift */ = {isa = PBXFileReference; fileEncoding = 4; lastKnownFileType = sourcecode.swift; name = Connection.swift; path = lib/Connection.swift; sourceTree = "<group>"; };
		52D7350019BBD9290059E612 /* Request.swift */ = {isa = PBXFileReference; fileEncoding = 4; lastKnownFileType = sourcecode.swift; name = Request.swift; path = lib/Request.swift; sourceTree = "<group>"; };
		52D7350219BBD9E80059E612 /* Response.swift */ = {isa = PBXFileReference; fileEncoding = 4; lastKnownFileType = sourcecode.swift; name = Response.swift; path = lib/Response.swift; sourceTree = "<group>"; };
/* End PBXFileReference section */

/* Begin PBXFrameworksBuildPhase section */
		52870F7419BB7C00001E4163 /* Frameworks */ = {
			isa = PBXFrameworksBuildPhase;
			buildActionMask = 2147483647;
			files = (
			);
			runOnlyForDeploymentPostprocessing = 0;
		};
/* End PBXFrameworksBuildPhase section */

/* Begin PBXGroup section */
		52870F6E19BB7C00001E4163 = {
			isa = PBXGroup;
			children = (
				52870F7919BB7C00001E4163 /* Tailor */,
				52870F7819BB7C00001E4163 /* Products */,
			);
			sourceTree = "<group>";
		};
		52870F7819BB7C00001E4163 /* Products */ = {
			isa = PBXGroup;
			children = (
				52870F7719BB7C00001E4163 /* Tailor */,
			);
			name = Products;
			sourceTree = "<group>";
		};
		52870F7919BB7C00001E4163 /* Tailor */ = {
			isa = PBXGroup;
			children = (
				52D734FB19BBD6A80059E612 /* lib */,
				52870F7A19BB7C00001E4163 /* main.swift */,
			);
			path = Tailor;
			sourceTree = "<group>";
		};
		52D734FB19BBD6A80059E612 /* lib */ = {
			isa = PBXGroup;
			children = (
				52D734FC19BBD7060059E612 /* Server.swift */,
				52D734FE19BBD8470059E612 /* Connection.swift */,
				52D7350019BBD9290059E612 /* Request.swift */,
				52D7350219BBD9E80059E612 /* Response.swift */,
			);
			name = lib;
			sourceTree = "<group>";
		};
/* End PBXGroup section */

/* Begin PBXNativeTarget section */
		52870F7619BB7C00001E4163 /* Tailor */ = {
			isa = PBXNativeTarget;
			buildConfigurationList = 52870F7E19BB7C00001E4163 /* Build configuration list for PBXNativeTarget "Tailor" */;
			buildPhases = (
				52870F7319BB7C00001E4163 /* Sources */,
				52870F7419BB7C00001E4163 /* Frameworks */,
				52870F7519BB7C00001E4163 /* CopyFiles */,
			);
			buildRules = (
			);
			dependencies = (
			);
			name = Tailor;
			productName = Tailor;
			productReference = 52870F7719BB7C00001E4163 /* Tailor */;
			productType = "com.apple.product-type.tool";
		};
/* End PBXNativeTarget section */

/* Begin PBXProject section */
		52870F6F19BB7C00001E4163 /* Project object */ = {
			isa = PBXProject;
			attributes = {
				LastUpgradeCheck = 0600;
				ORGANIZATIONNAME = "John Brownlee";
				TargetAttributes = {
					52870F7619BB7C00001E4163 = {
						CreatedOnToolsVersion = 6.0;
					};
				};
			};
			buildConfigurationList = 52870F7219BB7C00001E4163 /* Build configuration list for PBXProject "Tailor" */;
			compatibilityVersion = "Xcode 3.2";
			developmentRegion = English;
			hasScannedForEncodings = 0;
			knownRegions = (
				en,
			);
			mainGroup = 52870F6E19BB7C00001E4163;
			productRefGroup = 52870F7819BB7C00001E4163 /* Products */;
			projectDirPath = "";
			projectRoot = "";
			targets = (
				52870F7619BB7C00001E4163 /* Tailor */,
			);
		};
/* End PBXProject section */

/* Begin PBXSourcesBuildPhase section */
		52870F7319BB7C00001E4163 /* Sources */ = {
			isa = PBXSourcesBuildPhase;
			buildActionMask = 2147483647;
			files = (
				52D734FD19BBD7060059E612 /* Server.swift in Sources */,
				52D7350319BBD9E80059E612 /* Response.swift in Sources */,
				52D7350119BBD9290059E612 /* Request.swift in Sources */,
				52D734FF19BBD8470059E612 /* Connection.swift in Sources */,
				52870F7B19BB7C00001E4163 /* main.swift in Sources */,
			);
			runOnlyForDeploymentPostprocessing = 0;
		};
/* End PBXSourcesBuildPhase section */

/* Begin XCBuildConfiguration section */
		52870F7C19BB7C00001E4163 /* Debug */ = {
			isa = XCBuildConfiguration;
			buildSettings = {
				ALWAYS_SEARCH_USER_PATHS = NO;
				CLANG_CXX_LANGUAGE_STANDARD = "gnu++0x";
				CLANG_CXX_LIBRARY = "libc++";
				CLANG_ENABLE_MODULES = YES;
				CLANG_ENABLE_OBJC_ARC = YES;
				CLANG_WARN_BOOL_CONVERSION = YES;
				CLANG_WARN_CONSTANT_CONVERSION = YES;
				CLANG_WARN_DIRECT_OBJC_ISA_USAGE = YES_ERROR;
				CLANG_WARN_EMPTY_BODY = YES;
				CLANG_WARN_ENUM_CONVERSION = YES;
				CLANG_WARN_INT_CONVERSION = YES;
				CLANG_WARN_OBJC_ROOT_CLASS = YES_ERROR;
				CLANG_WARN_UNREACHABLE_CODE = YES;
				CLANG_WARN__DUPLICATE_METHOD_MATCH = YES;
				COPY_PHASE_STRIP = NO;
				ENABLE_STRICT_OBJC_MSGSEND = YES;
				GCC_C_LANGUAGE_STANDARD = gnu99;
				GCC_DYNAMIC_NO_PIC = NO;
				GCC_OPTIMIZATION_LEVEL = 0;
				GCC_PREPROCESSOR_DEFINITIONS = (
					"DEBUG=1",
					"$(inherited)",
				);
				GCC_SYMBOLS_PRIVATE_EXTERN = NO;
				GCC_WARN_64_TO_32_BIT_CONVERSION = YES;
				GCC_WARN_ABOUT_RETURN_TYPE = YES_ERROR;
				GCC_WARN_UNDECLARED_SELECTOR = YES;
				GCC_WARN_UNINITIALIZED_AUTOS = YES_AGGRESSIVE;
				GCC_WARN_UNUSED_FUNCTION = YES;
				GCC_WARN_UNUSED_VARIABLE = YES;
				MACOSX_DEPLOYMENT_TARGET = 10.10;
				MTL_ENABLE_DEBUG_INFO = YES;
				ONLY_ACTIVE_ARCH = YES;
				SDKROOT = macosx;
				SWIFT_OPTIMIZATION_LEVEL = "-Onone";
			};
			name = Debug;
		};
		52870F7D19BB7C00001E4163 /* Release */ = {
			isa = XCBuildConfiguration;
			buildSettings = {
				ALWAYS_SEARCH_USER_PATHS = NO;
				CLANG_CXX_LANGUAGE_STANDARD = "gnu++0x";
				CLANG_CXX_LIBRARY = "libc++";
				CLANG_ENABLE_MODULES = YES;
				CLANG_ENABLE_OBJC_ARC = YES;
				CLANG_WARN_BOOL_CONVERSION = YES;
				CLANG_WARN_CONSTANT_CONVERSION = YES;
				CLANG_WARN_DIRECT_OBJC_ISA_USAGE = YES_ERROR;
				CLANG_WARN_EMPTY_BODY = YES;
				CLANG_WARN_ENUM_CONVERSION = YES;
				CLANG_WARN_INT_CONVERSION = YES;
				CLANG_WARN_OBJC_ROOT_CLASS = YES_ERROR;
				CLANG_WARN_UNREACHABLE_CODE = YES;
				CLANG_WARN__DUPLICATE_METHOD_MATCH = YES;
				COPY_PHASE_STRIP = YES;
				DEBUG_INFORMATION_FORMAT = "dwarf-with-dsym";
				ENABLE_NS_ASSERTIONS = NO;
				ENABLE_STRICT_OBJC_MSGSEND = YES;
				GCC_C_LANGUAGE_STANDARD = gnu99;
				GCC_WARN_64_TO_32_BIT_CONVERSION = YES;
				GCC_WARN_ABOUT_RETURN_TYPE = YES_ERROR;
				GCC_WARN_UNDECLARED_SELECTOR = YES;
				GCC_WARN_UNINITIALIZED_AUTOS = YES_AGGRESSIVE;
				GCC_WARN_UNUSED_FUNCTION = YES;
				GCC_WARN_UNUSED_VARIABLE = YES;
				MACOSX_DEPLOYMENT_TARGET = 10.10;
				MTL_ENABLE_DEBUG_INFO = NO;
				SDKROOT = macosx;
			};
			name = Release;
		};
		52870F7F19BB7C00001E4163 /* Debug */ = {
			isa = XCBuildConfiguration;
			buildSettings = {
				PRODUCT_NAME = "$(TARGET_NAME)";
			};
			name = Debug;
		};
		52870F8019BB7C00001E4163 /* Release */ = {
			isa = XCBuildConfiguration;
			buildSettings = {
				PRODUCT_NAME = "$(TARGET_NAME)";
			};
			name = Release;
		};
/* End XCBuildConfiguration section */

/* Begin XCConfigurationList section */
		52870F7219BB7C00001E4163 /* Build configuration list for PBXProject "Tailor" */ = {
			isa = XCConfigurationList;
			buildConfigurations = (
				52870F7C19BB7C00001E4163 /* Debug */,
				52870F7D19BB7C00001E4163 /* Release */,
			);
			defaultConfigurationIsVisible = 0;
			defaultConfigurationName = Release;
		};
		52870F7E19BB7C00001E4163 /* Build configuration list for PBXNativeTarget "Tailor" */ = {
			isa = XCConfigurationList;
			buildConfigurations = (
				52870F7F19BB7C00001E4163 /* Debug */,
				52870F8019BB7C00001E4163 /* Release */,
			);
			defaultConfigurationIsVisible = 0;
			defaultConfigurationName = Release;
		};
/* End XCConfigurationList section */
	};
	rootObject = 52870F6F19BB7C00001E4163 /* Project object */;
}
