// !$*UTF8*$!
{
	archiveVersion = 1;
	classes = {
	};
	objectVersion = 46;
	objects = {

/* Begin PBXBuildFile section */
		524F917219C1179800B16B6E /* libmysqlclient.dylib in Frameworks */ = {isa = PBXBuildFile; fileRef = 524F917119C1179800B16B6E /* libmysqlclient.dylib */; };
		525CC56419C4BB6C00B8626E /* application.swift in Sources */ = {isa = PBXBuildFile; fileRef = 525CC54019C4BB6C00B8626E /* application.swift */; };
		525CC56519C4BB6C00B8626E /* routes.swift in Sources */ = {isa = PBXBuildFile; fileRef = 525CC54119C4BB6C00B8626E /* routes.swift */; };
		525CC56619C4BB6C00B8626E /* HatsController.swift in Sources */ = {isa = PBXBuildFile; fileRef = 525CC54419C4BB6C00B8626E /* HatsController.swift */; };
		525CC56819C4BB6C00B8626E /* Hat.swift in Sources */ = {isa = PBXBuildFile; fileRef = 525CC54719C4BB6C00B8626E /* Hat.swift */; };
		525CC56919C4BB6C00B8626E /* index.swift in Sources */ = {isa = PBXBuildFile; fileRef = 525CC54A19C4BB6C00B8626E /* index.swift */; };
		525CC56A19C4BB6C00B8626E /* Application.swift in Sources */ = {isa = PBXBuildFile; fileRef = 525CC54D19C4BB6C00B8626E /* Application.swift */; };
		525CC56B19C4BB6C00B8626E /* Connection.swift in Sources */ = {isa = PBXBuildFile; fileRef = 525CC54E19C4BB6C00B8626E /* Connection.swift */; };
		525CC56C19C4BB6C00B8626E /* Request.swift in Sources */ = {isa = PBXBuildFile; fileRef = 525CC54F19C4BB6C00B8626E /* Request.swift */; };
		525CC56D19C4BB6C00B8626E /* Response.swift in Sources */ = {isa = PBXBuildFile; fileRef = 525CC55019C4BB6C00B8626E /* Response.swift */; };
		525CC56E19C4BB6C00B8626E /* RouteSet.swift in Sources */ = {isa = PBXBuildFile; fileRef = 525CC55119C4BB6C00B8626E /* RouteSet.swift */; };
		525CC56F19C4BB6C00B8626E /* Server.swift in Sources */ = {isa = PBXBuildFile; fileRef = 525CC55219C4BB6C00B8626E /* Server.swift */; };
		525CC57019C4BB6C00B8626E /* Controller.swift in Sources */ = {isa = PBXBuildFile; fileRef = 525CC55419C4BB6C00B8626E /* Controller.swift */; };
		525CC57119C4BB6C00B8626E /* DatabaseConnection.swift in Sources */ = {isa = PBXBuildFile; fileRef = 525CC55619C4BB6C00B8626E /* DatabaseConnection.swift */; };
		525CC57219C4BB6C00B8626E /* MysqlConnection.swift in Sources */ = {isa = PBXBuildFile; fileRef = 525CC55719C4BB6C00B8626E /* MysqlConnection.swift */; };
		525CC57319C4BB6C00B8626E /* tailor_c_wrappers.c in Sources */ = {isa = PBXBuildFile; fileRef = 525CC55819C4BB6C00B8626E /* tailor_c_wrappers.c */; };
		525CC57419C4BB6C00B8626E /* NSDate.swift in Sources */ = {isa = PBXBuildFile; fileRef = 525CC55B19C4BB6C00B8626E /* NSDate.swift */; };
		525CC57519C4BB6C00B8626E /* NSString.swift in Sources */ = {isa = PBXBuildFile; fileRef = 525CC55C19C4BB6C00B8626E /* NSString.swift */; };
		525CC57619C4BB6C00B8626E /* Record.swift in Sources */ = {isa = PBXBuildFile; fileRef = 525CC55F19C4BB6C00B8626E /* Record.swift */; };
		525CC57919C4BB6C00B8626E /* Template.swift in Sources */ = {isa = PBXBuildFile; fileRef = 525CC56319C4BB6C00B8626E /* Template.swift */; };
		525CC57D19C4BBD700B8626E /* main.swift in Sources */ = {isa = PBXBuildFile; fileRef = 525CC57C19C4BBD700B8626E /* main.swift */; };
		525CC57F19C4D7E000B8626E /* show.swift in Sources */ = {isa = PBXBuildFile; fileRef = 525CC57E19C4D7E000B8626E /* show.swift */; };
		52A1C28819C4F2BC00F0133E /* form.swift in Sources */ = {isa = PBXBuildFile; fileRef = 52A1C28719C4F2BC00F0133E /* form.swift */; };
		52A1C28B19C4F48800F0133E /* application.swift in Sources */ = {isa = PBXBuildFile; fileRef = 52A1C28A19C4F48800F0133E /* application.swift */; };
		52A1C28F19C53E1F00F0133E /* RestfulController.swift in Sources */ = {isa = PBXBuildFile; fileRef = 52A1C28E19C53E1F00F0133E /* RestfulController.swift */; };
/* End PBXBuildFile section */

/* Begin PBXCopyFilesBuildPhase section */
		52870F7519BB7C00001E4163 /* CopyFiles */ = {
			isa = PBXCopyFilesBuildPhase;
			buildActionMask = 2147483647;
			dstPath = /usr/share/man/man1/;
			dstSubfolderSpec = 0;
			files = (
			);
			runOnlyForDeploymentPostprocessing = 1;
		};
/* End PBXCopyFilesBuildPhase section */

/* Begin PBXFileReference section */
		524F917119C1179800B16B6E /* libmysqlclient.dylib */ = {isa = PBXFileReference; lastKnownFileType = "compiled.mach-o.dylib"; name = libmysqlclient.dylib; path = ../../../../usr/local/Cellar/mysql/5.6.19/lib/libmysqlclient.dylib; sourceTree = "<group>"; };
		525CC54019C4BB6C00B8626E /* application.swift */ = {isa = PBXFileReference; fileEncoding = 4; lastKnownFileType = sourcecode.swift; path = application.swift; sourceTree = "<group>"; };
		525CC54119C4BB6C00B8626E /* routes.swift */ = {isa = PBXFileReference; fileEncoding = 4; lastKnownFileType = sourcecode.swift; path = routes.swift; sourceTree = "<group>"; };
		525CC54219C4BB6C00B8626E /* Tailor-Bridging-Header.h */ = {isa = PBXFileReference; fileEncoding = 4; lastKnownFileType = sourcecode.c.h; path = "Tailor-Bridging-Header.h"; sourceTree = "<group>"; };
		525CC54419C4BB6C00B8626E /* HatsController.swift */ = {isa = PBXFileReference; fileEncoding = 4; lastKnownFileType = sourcecode.swift; path = HatsController.swift; sourceTree = "<group>"; };
		525CC54719C4BB6C00B8626E /* Hat.swift */ = {isa = PBXFileReference; fileEncoding = 4; lastKnownFileType = sourcecode.swift; path = Hat.swift; sourceTree = "<group>"; };
		525CC54A19C4BB6C00B8626E /* index.swift */ = {isa = PBXFileReference; fileEncoding = 4; lastKnownFileType = sourcecode.swift; path = index.swift; sourceTree = "<group>"; };
		525CC54D19C4BB6C00B8626E /* Application.swift */ = {isa = PBXFileReference; fileEncoding = 4; lastKnownFileType = sourcecode.swift; path = Application.swift; sourceTree = "<group>"; };
		525CC54E19C4BB6C00B8626E /* Connection.swift */ = {isa = PBXFileReference; fileEncoding = 4; lastKnownFileType = sourcecode.swift; path = Connection.swift; sourceTree = "<group>"; };
		525CC54F19C4BB6C00B8626E /* Request.swift */ = {isa = PBXFileReference; fileEncoding = 4; lastKnownFileType = sourcecode.swift; path = Request.swift; sourceTree = "<group>"; };
		525CC55019C4BB6C00B8626E /* Response.swift */ = {isa = PBXFileReference; fileEncoding = 4; lastKnownFileType = sourcecode.swift; path = Response.swift; sourceTree = "<group>"; };
		525CC55119C4BB6C00B8626E /* RouteSet.swift */ = {isa = PBXFileReference; fileEncoding = 4; lastKnownFileType = sourcecode.swift; path = RouteSet.swift; sourceTree = "<group>"; };
		525CC55219C4BB6C00B8626E /* Server.swift */ = {isa = PBXFileReference; fileEncoding = 4; lastKnownFileType = sourcecode.swift; path = Server.swift; sourceTree = "<group>"; };
		525CC55419C4BB6C00B8626E /* Controller.swift */ = {isa = PBXFileReference; fileEncoding = 4; lastKnownFileType = sourcecode.swift; path = Controller.swift; sourceTree = "<group>"; };
		525CC55619C4BB6C00B8626E /* DatabaseConnection.swift */ = {isa = PBXFileReference; fileEncoding = 4; lastKnownFileType = sourcecode.swift; path = DatabaseConnection.swift; sourceTree = "<group>"; };
		525CC55719C4BB6C00B8626E /* MysqlConnection.swift */ = {isa = PBXFileReference; fileEncoding = 4; lastKnownFileType = sourcecode.swift; path = MysqlConnection.swift; sourceTree = "<group>"; };
		525CC55819C4BB6C00B8626E /* tailor_c_wrappers.c */ = {isa = PBXFileReference; fileEncoding = 4; lastKnownFileType = sourcecode.c.c; path = tailor_c_wrappers.c; sourceTree = "<group>"; };
		525CC55919C4BB6C00B8626E /* tailor_c_wrappers.h */ = {isa = PBXFileReference; fileEncoding = 4; lastKnownFileType = sourcecode.c.h; path = tailor_c_wrappers.h; sourceTree = "<group>"; };
		525CC55B19C4BB6C00B8626E /* NSDate.swift */ = {isa = PBXFileReference; fileEncoding = 4; lastKnownFileType = sourcecode.swift; path = NSDate.swift; sourceTree = "<group>"; };
		525CC55C19C4BB6C00B8626E /* NSString.swift */ = {isa = PBXFileReference; fileEncoding = 4; lastKnownFileType = sourcecode.swift; path = NSString.swift; sourceTree = "<group>"; };
		525CC55F19C4BB6C00B8626E /* Record.swift */ = {isa = PBXFileReference; fileEncoding = 4; lastKnownFileType = sourcecode.swift; path = Record.swift; sourceTree = "<group>"; };
		525CC56319C4BB6C00B8626E /* Template.swift */ = {isa = PBXFileReference; fileEncoding = 4; lastKnownFileType = sourcecode.swift; path = Template.swift; sourceTree = "<group>"; };
		525CC57A19C4BBA100B8626E /* README.md */ = {isa = PBXFileReference; lastKnownFileType = net.daringfireball.markdown; path = README.md; sourceTree = "<group>"; };
		525CC57B19C4BBA100B8626E /* TODO.md */ = {isa = PBXFileReference; lastKnownFileType = net.daringfireball.markdown; path = TODO.md; sourceTree = "<group>"; };
		525CC57C19C4BBD700B8626E /* main.swift */ = {isa = PBXFileReference; fileEncoding = 4; lastKnownFileType = sourcecode.swift; path = main.swift; sourceTree = "<group>"; };
		525CC57E19C4D7E000B8626E /* show.swift */ = {isa = PBXFileReference; fileEncoding = 4; lastKnownFileType = sourcecode.swift; path = show.swift; sourceTree = "<group>"; };
		52870F7719BB7C00001E4163 /* Tailor */ = {isa = PBXFileReference; explicitFileType = "compiled.mach-o.executable"; includeInIndex = 0; path = Tailor; sourceTree = BUILT_PRODUCTS_DIR; };
		52A1C28719C4F2BC00F0133E /* form.swift */ = {isa = PBXFileReference; fileEncoding = 4; lastKnownFileType = sourcecode.swift; path = form.swift; sourceTree = "<group>"; };
		52A1C28A19C4F48800F0133E /* application.swift */ = {isa = PBXFileReference; fileEncoding = 4; lastKnownFileType = sourcecode.swift; name = application.swift; path = layouts/application.swift; sourceTree = "<group>"; };
		52A1C28E19C53E1F00F0133E /* RestfulController.swift */ = {isa = PBXFileReference; fileEncoding = 4; lastKnownFileType = sourcecode.swift; path = RestfulController.swift; sourceTree = "<group>"; };
/* End PBXFileReference section */

/* Begin PBXFrameworksBuildPhase section */
		52870F7419BB7C00001E4163 /* Frameworks */ = {
			isa = PBXFrameworksBuildPhase;
			buildActionMask = 2147483647;
			files = (
				524F917219C1179800B16B6E /* libmysqlclient.dylib in Frameworks */,
			);
			runOnlyForDeploymentPostprocessing = 0;
		};
/* End PBXFrameworksBuildPhase section */

/* Begin PBXGroup section */
		525CC53E19C4BB6C00B8626E /* Haberdashery */ = {
			isa = PBXGroup;
			children = (
				525CC53F19C4BB6C00B8626E /* app */,
				525CC54319C4BB6C00B8626E /* controllers */,
				525CC54619C4BB6C00B8626E /* models */,
				525CC54819C4BB6C00B8626E /* views */,
			);
			path = Haberdashery;
			sourceTree = "<group>";
		};
		525CC53F19C4BB6C00B8626E /* app */ = {
			isa = PBXGroup;
			children = (
				525CC54019C4BB6C00B8626E /* application.swift */,
				525CC54119C4BB6C00B8626E /* routes.swift */,
				525CC54219C4BB6C00B8626E /* Tailor-Bridging-Header.h */,
				525CC57C19C4BBD700B8626E /* main.swift */,
			);
			path = app;
			sourceTree = "<group>";
		};
		525CC54319C4BB6C00B8626E /* controllers */ = {
			isa = PBXGroup;
			children = (
				525CC54419C4BB6C00B8626E /* HatsController.swift */,
			);
			path = controllers;
			sourceTree = "<group>";
		};
		525CC54619C4BB6C00B8626E /* models */ = {
			isa = PBXGroup;
			children = (
				525CC54719C4BB6C00B8626E /* Hat.swift */,
			);
			path = models;
			sourceTree = "<group>";
		};
		525CC54819C4BB6C00B8626E /* views */ = {
			isa = PBXGroup;
			children = (
				52A1C28919C4F45700F0133E /* layouts */,
				525CC54919C4BB6C00B8626E /* hats */,
			);
			path = views;
			sourceTree = "<group>";
		};
		525CC54919C4BB6C00B8626E /* hats */ = {
			isa = PBXGroup;
			children = (
				525CC54A19C4BB6C00B8626E /* index.swift */,
				525CC57E19C4D7E000B8626E /* show.swift */,
				52A1C28719C4F2BC00F0133E /* form.swift */,
			);
			path = hats;
			sourceTree = "<group>";
		};
		525CC54B19C4BB6C00B8626E /* Tailor */ = {
			isa = PBXGroup;
			children = (
				525CC54C19C4BB6C00B8626E /* app */,
				525CC55319C4BB6C00B8626E /* controller */,
				525CC55519C4BB6C00B8626E /* db */,
				525CC55A19C4BB6C00B8626E /* ext */,
				525CC55E19C4BB6C00B8626E /* model */,
				525CC56219C4BB6C00B8626E /* view */,
			);
			path = Tailor;
			sourceTree = "<group>";
		};
		525CC54C19C4BB6C00B8626E /* app */ = {
			isa = PBXGroup;
			children = (
				525CC54D19C4BB6C00B8626E /* Application.swift */,
				525CC54E19C4BB6C00B8626E /* Connection.swift */,
				525CC54F19C4BB6C00B8626E /* Request.swift */,
				525CC55019C4BB6C00B8626E /* Response.swift */,
				525CC55119C4BB6C00B8626E /* RouteSet.swift */,
				525CC55219C4BB6C00B8626E /* Server.swift */,
			);
			path = app;
			sourceTree = "<group>";
		};
		525CC55319C4BB6C00B8626E /* controller */ = {
			isa = PBXGroup;
			children = (
				525CC55419C4BB6C00B8626E /* Controller.swift */,
				52A1C28E19C53E1F00F0133E /* RestfulController.swift */,
			);
			path = controller;
			sourceTree = "<group>";
		};
		525CC55519C4BB6C00B8626E /* db */ = {
			isa = PBXGroup;
			children = (
				525CC55619C4BB6C00B8626E /* DatabaseConnection.swift */,
				525CC55719C4BB6C00B8626E /* MysqlConnection.swift */,
				525CC55819C4BB6C00B8626E /* tailor_c_wrappers.c */,
				525CC55919C4BB6C00B8626E /* tailor_c_wrappers.h */,
			);
			path = db;
			sourceTree = "<group>";
		};
		525CC55A19C4BB6C00B8626E /* ext */ = {
			isa = PBXGroup;
			children = (
				525CC55B19C4BB6C00B8626E /* NSDate.swift */,
				525CC55C19C4BB6C00B8626E /* NSString.swift */,
			);
			path = ext;
			sourceTree = "<group>";
		};
		525CC55E19C4BB6C00B8626E /* model */ = {
			isa = PBXGroup;
			children = (
				525CC55F19C4BB6C00B8626E /* Record.swift */,
			);
			path = model;
			sourceTree = "<group>";
		};
		525CC56219C4BB6C00B8626E /* view */ = {
			isa = PBXGroup;
			children = (
				525CC56319C4BB6C00B8626E /* Template.swift */,
			);
			path = view;
			sourceTree = "<group>";
		};
		52870F6E19BB7C00001E4163 = {
			isa = PBXGroup;
			children = (
				524F917119C1179800B16B6E /* libmysqlclient.dylib */,
				525CC57A19C4BBA100B8626E /* README.md */,
				525CC57B19C4BBA100B8626E /* TODO.md */,
				525CC53E19C4BB6C00B8626E /* Haberdashery */,
				525CC54B19C4BB6C00B8626E /* Tailor */,
				52870F7819BB7C00001E4163 /* Products */,
			);
			sourceTree = "<group>";
		};
		52870F7819BB7C00001E4163 /* Products */ = {
			isa = PBXGroup;
			children = (
				52870F7719BB7C00001E4163 /* Tailor */,
			);
			name = Products;
			sourceTree = "<group>";
		};
		52A1C28919C4F45700F0133E /* layouts */ = {
			isa = PBXGroup;
			children = (
				52A1C28A19C4F48800F0133E /* application.swift */,
			);
			name = layouts;
			sourceTree = "<group>";
		};
/* End PBXGroup section */

/* Begin PBXNativeTarget section */
		52870F7619BB7C00001E4163 /* Tailor */ = {
			isa = PBXNativeTarget;
			buildConfigurationList = 52870F7E19BB7C00001E4163 /* Build configuration list for PBXNativeTarget "Tailor" */;
			buildPhases = (
				52870F7319BB7C00001E4163 /* Sources */,
				52870F7419BB7C00001E4163 /* Frameworks */,
				52870F7519BB7C00001E4163 /* CopyFiles */,
			);
			buildRules = (
			);
			dependencies = (
			);
			name = Tailor;
			productName = Tailor;
			productReference = 52870F7719BB7C00001E4163 /* Tailor */;
			productType = "com.apple.product-type.tool";
		};
/* End PBXNativeTarget section */

/* Begin PBXProject section */
		52870F6F19BB7C00001E4163 /* Project object */ = {
			isa = PBXProject;
			attributes = {
				LastUpgradeCheck = 0600;
				ORGANIZATIONNAME = "John Brownlee";
				TargetAttributes = {
					52870F7619BB7C00001E4163 = {
						CreatedOnToolsVersion = 6.0;
					};
				};
			};
			buildConfigurationList = 52870F7219BB7C00001E4163 /* Build configuration list for PBXProject "Tailor" */;
			compatibilityVersion = "Xcode 3.2";
			developmentRegion = English;
			hasScannedForEncodings = 0;
			knownRegions = (
				en,
			);
			mainGroup = 52870F6E19BB7C00001E4163;
			productRefGroup = 52870F7819BB7C00001E4163 /* Products */;
			projectDirPath = "";
			projectRoot = "";
			targets = (
				52870F7619BB7C00001E4163 /* Tailor */,
			);
		};
/* End PBXProject section */

/* Begin PBXSourcesBuildPhase section */
		52870F7319BB7C00001E4163 /* Sources */ = {
			isa = PBXSourcesBuildPhase;
			buildActionMask = 2147483647;
			files = (
				52A1C28B19C4F48800F0133E /* application.swift in Sources */,
				525CC57119C4BB6C00B8626E /* DatabaseConnection.swift in Sources */,
				525CC56E19C4BB6C00B8626E /* RouteSet.swift in Sources */,
				525CC57219C4BB6C00B8626E /* MysqlConnection.swift in Sources */,
				525CC56C19C4BB6C00B8626E /* Request.swift in Sources */,
				525CC57419C4BB6C00B8626E /* NSDate.swift in Sources */,
				525CC56A19C4BB6C00B8626E /* Application.swift in Sources */,
				525CC57319C4BB6C00B8626E /* tailor_c_wrappers.c in Sources */,
				525CC56619C4BB6C00B8626E /* HatsController.swift in Sources */,
				525CC57D19C4BBD700B8626E /* main.swift in Sources */,
				525CC57F19C4D7E000B8626E /* show.swift in Sources */,
				525CC57519C4BB6C00B8626E /* NSString.swift in Sources */,
				525CC56419C4BB6C00B8626E /* application.swift in Sources */,
				525CC57619C4BB6C00B8626E /* Record.swift in Sources */,
				525CC56919C4BB6C00B8626E /* index.swift in Sources */,
				52A1C28F19C53E1F00F0133E /* RestfulController.swift in Sources */,
				525CC56D19C4BB6C00B8626E /* Response.swift in Sources */,
				52A1C28819C4F2BC00F0133E /* form.swift in Sources */,
				525CC57019C4BB6C00B8626E /* Controller.swift in Sources */,
				525CC56819C4BB6C00B8626E /* Hat.swift in Sources */,
				525CC56519C4BB6C00B8626E /* routes.swift in Sources */,
				525CC56F19C4BB6C00B8626E /* Server.swift in Sources */,
				525CC57919C4BB6C00B8626E /* Template.swift in Sources */,
				525CC56B19C4BB6C00B8626E /* Connection.swift in Sources */,
			);
			runOnlyForDeploymentPostprocessing = 0;
		};
/* End PBXSourcesBuildPhase section */

/* Begin XCBuildConfiguration section */
		52870F7C19BB7C00001E4163 /* Debug */ = {
			isa = XCBuildConfiguration;
			buildSettings = {
				ALWAYS_SEARCH_USER_PATHS = NO;
				CLANG_CXX_LANGUAGE_STANDARD = "gnu++0x";
				CLANG_CXX_LIBRARY = "libc++";
				CLANG_ENABLE_MODULES = YES;
				CLANG_ENABLE_OBJC_ARC = YES;
				CLANG_WARN_BOOL_CONVERSION = YES;
				CLANG_WARN_CONSTANT_CONVERSION = YES;
				CLANG_WARN_DIRECT_OBJC_ISA_USAGE = YES_ERROR;
				CLANG_WARN_EMPTY_BODY = YES;
				CLANG_WARN_ENUM_CONVERSION = YES;
				CLANG_WARN_INT_CONVERSION = YES;
				CLANG_WARN_OBJC_ROOT_CLASS = YES_ERROR;
				CLANG_WARN_UNREACHABLE_CODE = YES;
				CLANG_WARN__DUPLICATE_METHOD_MATCH = YES;
				COPY_PHASE_STRIP = NO;
				ENABLE_STRICT_OBJC_MSGSEND = YES;
				GCC_C_LANGUAGE_STANDARD = gnu99;
				GCC_DYNAMIC_NO_PIC = NO;
				GCC_OPTIMIZATION_LEVEL = 0;
				GCC_PREPROCESSOR_DEFINITIONS = (
					"DEBUG=1",
					"$(inherited)",
				);
				GCC_SYMBOLS_PRIVATE_EXTERN = NO;
				GCC_WARN_64_TO_32_BIT_CONVERSION = YES;
				GCC_WARN_ABOUT_RETURN_TYPE = YES_ERROR;
				GCC_WARN_UNDECLARED_SELECTOR = YES;
				GCC_WARN_UNINITIALIZED_AUTOS = YES_AGGRESSIVE;
				GCC_WARN_UNUSED_FUNCTION = YES;
				GCC_WARN_UNUSED_VARIABLE = YES;
				HEADER_SEARCH_PATHS = (
					"$(inherited)",
					"/Applications/Xcode-Beta.app/Contents/Developer/Toolchains/XcodeDefault.xctoolchain/usr/include",
					/usr/local/Cellar/mysql/5.6.19/include/mysql,
				);
				LIBRARY_SEARCH_PATHS = /usr/local/Cellar/mysql/5.6.19/lib;
				MACOSX_DEPLOYMENT_TARGET = 10.10;
				MTL_ENABLE_DEBUG_INFO = YES;
				ONLY_ACTIVE_ARCH = YES;
				SDKROOT = macosx;
				SWIFT_OPTIMIZATION_LEVEL = "-Onone";
			};
			name = Debug;
		};
		52870F7D19BB7C00001E4163 /* Release */ = {
			isa = XCBuildConfiguration;
			buildSettings = {
				ALWAYS_SEARCH_USER_PATHS = NO;
				CLANG_CXX_LANGUAGE_STANDARD = "gnu++0x";
				CLANG_CXX_LIBRARY = "libc++";
				CLANG_ENABLE_MODULES = YES;
				CLANG_ENABLE_OBJC_ARC = YES;
				CLANG_WARN_BOOL_CONVERSION = YES;
				CLANG_WARN_CONSTANT_CONVERSION = YES;
				CLANG_WARN_DIRECT_OBJC_ISA_USAGE = YES_ERROR;
				CLANG_WARN_EMPTY_BODY = YES;
				CLANG_WARN_ENUM_CONVERSION = YES;
				CLANG_WARN_INT_CONVERSION = YES;
				CLANG_WARN_OBJC_ROOT_CLASS = YES_ERROR;
				CLANG_WARN_UNREACHABLE_CODE = YES;
				CLANG_WARN__DUPLICATE_METHOD_MATCH = YES;
				COPY_PHASE_STRIP = YES;
				DEBUG_INFORMATION_FORMAT = "dwarf-with-dsym";
				ENABLE_NS_ASSERTIONS = NO;
				ENABLE_STRICT_OBJC_MSGSEND = YES;
				GCC_C_LANGUAGE_STANDARD = gnu99;
				GCC_WARN_64_TO_32_BIT_CONVERSION = YES;
				GCC_WARN_ABOUT_RETURN_TYPE = YES_ERROR;
				GCC_WARN_UNDECLARED_SELECTOR = YES;
				GCC_WARN_UNINITIALIZED_AUTOS = YES_AGGRESSIVE;
				GCC_WARN_UNUSED_FUNCTION = YES;
				GCC_WARN_UNUSED_VARIABLE = YES;
				HEADER_SEARCH_PATHS = (
					"$(inherited)",
					"/Applications/Xcode-Beta.app/Contents/Developer/Toolchains/XcodeDefault.xctoolchain/usr/include",
					/usr/local/Cellar/mysql/5.6.19/include/mysql,
				);
				LIBRARY_SEARCH_PATHS = /usr/local/Cellar/mysql/5.6.19/lib;
				MACOSX_DEPLOYMENT_TARGET = 10.10;
				MTL_ENABLE_DEBUG_INFO = NO;
				SDKROOT = macosx;
			};
			name = Release;
		};
		52870F7F19BB7C00001E4163 /* Debug */ = {
			isa = XCBuildConfiguration;
			buildSettings = {
				CLANG_ENABLE_MODULES = YES;
				LD_RUNPATH_SEARCH_PATHS = "$(inherited) @executable_path/../Frameworks @loader_path/../Frameworks";
				LIBRARY_SEARCH_PATHS = (
					"$(inherited)",
					/usr/local/Cellar/mysql/5.6.19/lib,
				);
				MACOSX_DEPLOYMENT_TARGET = 10.9;
				OTHER_LDFLAGS = "";
				OTHER_LIBTOOLFLAGS = "";
				PRODUCT_NAME = "$(TARGET_NAME)";
				SWIFT_OBJC_BRIDGING_HEADER = "Haberdashery/app/Tailor-Bridging-Header.h";
				SWIFT_OPTIMIZATION_LEVEL = "-Onone";
			};
			name = Debug;
		};
		52870F8019BB7C00001E4163 /* Release */ = {
			isa = XCBuildConfiguration;
			buildSettings = {
				CLANG_ENABLE_MODULES = YES;
				LD_RUNPATH_SEARCH_PATHS = "$(inherited) @executable_path/../Frameworks @loader_path/../Frameworks";
				LIBRARY_SEARCH_PATHS = (
					"$(inherited)",
					/usr/local/Cellar/mysql/5.6.19/lib,
				);
				MACOSX_DEPLOYMENT_TARGET = 10.9;
				OTHER_LDFLAGS = "";
				OTHER_LIBTOOLFLAGS = "";
				PRODUCT_NAME = "$(TARGET_NAME)";
				SWIFT_OBJC_BRIDGING_HEADER = "Haberdashery/app/Tailor-Bridging-Header.h";
			};
			name = Release;
		};
/* End XCBuildConfiguration section */

/* Begin XCConfigurationList section */
		52870F7219BB7C00001E4163 /* Build configuration list for PBXProject "Tailor" */ = {
			isa = XCConfigurationList;
			buildConfigurations = (
				52870F7C19BB7C00001E4163 /* Debug */,
				52870F7D19BB7C00001E4163 /* Release */,
			);
			defaultConfigurationIsVisible = 0;
			defaultConfigurationName = Release;
		};
		52870F7E19BB7C00001E4163 /* Build configuration list for PBXNativeTarget "Tailor" */ = {
			isa = XCConfigurationList;
			buildConfigurations = (
				52870F7F19BB7C00001E4163 /* Debug */,
				52870F8019BB7C00001E4163 /* Release */,
			);
			defaultConfigurationIsVisible = 0;
			defaultConfigurationName = Release;
		};
/* End XCConfigurationList section */
	};
	rootObject = 52870F6F19BB7C00001E4163 /* Project object */;
}
