// !$*UTF8*$!
{
	archiveVersion = 1;
	classes = {
	};
	objectVersion = 46;
	objects = {

/* Begin PBXBuildFile section */
		524F917219C1179800B16B6E /* libmysqlclient.dylib in Frameworks */ = {isa = PBXBuildFile; fileRef = 524F917119C1179800B16B6E /* libmysqlclient.dylib */; };
		526858EC19C2A54000557B02 /* application.swift in Sources */ = {isa = PBXBuildFile; fileRef = 526858EB19C2A54000557B02 /* application.swift */; };
		527B68A819C3925A00BC62E8 /* Application.swift in Sources */ = {isa = PBXBuildFile; fileRef = 527B689419C391C700BC62E8 /* Application.swift */; };
		527B68A919C3925A00BC62E8 /* Connection.swift in Sources */ = {isa = PBXBuildFile; fileRef = 527B689519C391C700BC62E8 /* Connection.swift */; };
		527B68AA19C3925A00BC62E8 /* Request.swift in Sources */ = {isa = PBXBuildFile; fileRef = 527B689619C391C700BC62E8 /* Request.swift */; };
		527B68AB19C3925A00BC62E8 /* Response.swift in Sources */ = {isa = PBXBuildFile; fileRef = 527B689719C391C700BC62E8 /* Response.swift */; };
		527B68AC19C3925A00BC62E8 /* RouteSet.swift in Sources */ = {isa = PBXBuildFile; fileRef = 527B689819C391C700BC62E8 /* RouteSet.swift */; };
		527B68AD19C3925A00BC62E8 /* Server.swift in Sources */ = {isa = PBXBuildFile; fileRef = 527B689919C391C700BC62E8 /* Server.swift */; };
		527B68AE19C3925F00BC62E8 /* Controller.swift in Sources */ = {isa = PBXBuildFile; fileRef = 527B689B19C391C700BC62E8 /* Controller.swift */; };
		527B68AF19C3926500BC62E8 /* DatabaseConnection.swift in Sources */ = {isa = PBXBuildFile; fileRef = 527B689D19C391C700BC62E8 /* DatabaseConnection.swift */; };
		527B68B019C3926800BC62E8 /* tailor_c_wrappers.c in Sources */ = {isa = PBXBuildFile; fileRef = 527B689E19C391C700BC62E8 /* tailor_c_wrappers.c */; };
		527B68B119C3926A00BC62E8 /* MysqlConnection.swift in Sources */ = {isa = PBXBuildFile; fileRef = 527B68A019C391C700BC62E8 /* MysqlConnection.swift */; };
		527B68B219C3926F00BC62E8 /* NSDate.swift in Sources */ = {isa = PBXBuildFile; fileRef = 527B68A219C391C700BC62E8 /* NSDate.swift */; };
		527B68B319C3928100BC62E8 /* Record.swift in Sources */ = {isa = PBXBuildFile; fileRef = 527B68A419C391C700BC62E8 /* Record.swift */; };
		527B68B419C3928100BC62E8 /* Template.swift in Sources */ = {isa = PBXBuildFile; fileRef = 527B68A619C391C700BC62E8 /* Template.swift */; };
		527B68B519C3928500BC62E8 /* ItemsController.swift in Sources */ = {isa = PBXBuildFile; fileRef = 527B688C19C38F8400BC62E8 /* ItemsController.swift */; };
		527B68B619C3928900BC62E8 /* Hat.swift in Sources */ = {isa = PBXBuildFile; fileRef = 527B688E19C38F8400BC62E8 /* Hat.swift */; };
		527B68B719C3929100BC62E8 /* index.swift in Sources */ = {isa = PBXBuildFile; fileRef = 527B689119C38F8400BC62E8 /* index.swift */; };
		527B68B819C3929100BC62E8 /* show.swift in Sources */ = {isa = PBXBuildFile; fileRef = 527B689219C38F8400BC62E8 /* show.swift */; };
		527B68BA19C3A92600BC62E8 /* NSString.swift in Sources */ = {isa = PBXBuildFile; fileRef = 527B68B919C3A92600BC62E8 /* NSString.swift */; };
		52870F7B19BB7C00001E4163 /* main.swift in Sources */ = {isa = PBXBuildFile; fileRef = 52870F7A19BB7C00001E4163 /* main.swift */; };
		52D7350E19BC9B620059E612 /* routes.swift in Sources */ = {isa = PBXBuildFile; fileRef = 52D7350D19BC9B620059E612 /* routes.swift */; };
/* End PBXBuildFile section */

/* Begin PBXCopyFilesBuildPhase section */
		52870F7519BB7C00001E4163 /* CopyFiles */ = {
			isa = PBXCopyFilesBuildPhase;
			buildActionMask = 2147483647;
			dstPath = /usr/share/man/man1/;
			dstSubfolderSpec = 0;
			files = (
			);
			runOnlyForDeploymentPostprocessing = 1;
		};
/* End PBXCopyFilesBuildPhase section */

/* Begin PBXFileReference section */
		524F917119C1179800B16B6E /* libmysqlclient.dylib */ = {isa = PBXFileReference; lastKnownFileType = "compiled.mach-o.dylib"; name = libmysqlclient.dylib; path = ../../../../usr/local/Cellar/mysql/5.6.19/lib/libmysqlclient.dylib; sourceTree = "<group>"; };
		526858EB19C2A54000557B02 /* application.swift */ = {isa = PBXFileReference; fileEncoding = 4; lastKnownFileType = sourcecode.swift; name = application.swift; path = app/application.swift; sourceTree = "<group>"; };
		527B688C19C38F8400BC62E8 /* ItemsController.swift */ = {isa = PBXFileReference; lastKnownFileType = sourcecode.swift; path = ItemsController.swift; sourceTree = "<group>"; };
		527B688E19C38F8400BC62E8 /* Hat.swift */ = {isa = PBXFileReference; lastKnownFileType = sourcecode.swift; path = Hat.swift; sourceTree = "<group>"; };
		527B689119C38F8400BC62E8 /* index.swift */ = {isa = PBXFileReference; lastKnownFileType = sourcecode.swift; path = index.swift; sourceTree = "<group>"; };
		527B689219C38F8400BC62E8 /* show.swift */ = {isa = PBXFileReference; lastKnownFileType = sourcecode.swift; path = show.swift; sourceTree = "<group>"; };
		527B689419C391C700BC62E8 /* Application.swift */ = {isa = PBXFileReference; lastKnownFileType = sourcecode.swift; path = Application.swift; sourceTree = "<group>"; };
		527B689519C391C700BC62E8 /* Connection.swift */ = {isa = PBXFileReference; lastKnownFileType = sourcecode.swift; path = Connection.swift; sourceTree = "<group>"; };
		527B689619C391C700BC62E8 /* Request.swift */ = {isa = PBXFileReference; lastKnownFileType = sourcecode.swift; path = Request.swift; sourceTree = "<group>"; };
		527B689719C391C700BC62E8 /* Response.swift */ = {isa = PBXFileReference; lastKnownFileType = sourcecode.swift; path = Response.swift; sourceTree = "<group>"; };
		527B689819C391C700BC62E8 /* RouteSet.swift */ = {isa = PBXFileReference; lastKnownFileType = sourcecode.swift; path = RouteSet.swift; sourceTree = "<group>"; };
		527B689919C391C700BC62E8 /* Server.swift */ = {isa = PBXFileReference; lastKnownFileType = sourcecode.swift; path = Server.swift; sourceTree = "<group>"; };
		527B689B19C391C700BC62E8 /* Controller.swift */ = {isa = PBXFileReference; lastKnownFileType = sourcecode.swift; path = Controller.swift; sourceTree = "<group>"; };
		527B689D19C391C700BC62E8 /* DatabaseConnection.swift */ = {isa = PBXFileReference; lastKnownFileType = sourcecode.swift; path = DatabaseConnection.swift; sourceTree = "<group>"; };
		527B689E19C391C700BC62E8 /* tailor_c_wrappers.c */ = {isa = PBXFileReference; lastKnownFileType = sourcecode.c.c; path = tailor_c_wrappers.c; sourceTree = "<group>"; };
		527B689F19C391C700BC62E8 /* tailor_c_wrappers.h */ = {isa = PBXFileReference; lastKnownFileType = sourcecode.c.h; path = tailor_c_wrappers.h; sourceTree = "<group>"; };
		527B68A019C391C700BC62E8 /* MysqlConnection.swift */ = {isa = PBXFileReference; lastKnownFileType = sourcecode.swift; path = MysqlConnection.swift; sourceTree = "<group>"; };
		527B68A219C391C700BC62E8 /* NSDate.swift */ = {isa = PBXFileReference; lastKnownFileType = sourcecode.swift; path = NSDate.swift; sourceTree = "<group>"; };
		527B68A419C391C700BC62E8 /* Record.swift */ = {isa = PBXFileReference; lastKnownFileType = sourcecode.swift; path = Record.swift; sourceTree = "<group>"; };
		527B68A619C391C700BC62E8 /* Template.swift */ = {isa = PBXFileReference; lastKnownFileType = sourcecode.swift; path = Template.swift; sourceTree = "<group>"; };
		527B68A719C3923000BC62E8 /* Tailor-Bridging-Header.h */ = {isa = PBXFileReference; lastKnownFileType = sourcecode.c.h; name = "Tailor-Bridging-Header.h"; path = "app/Tailor-Bridging-Header.h"; sourceTree = "<group>"; };
		527B68B919C3A92600BC62E8 /* NSString.swift */ = {isa = PBXFileReference; fileEncoding = 4; lastKnownFileType = sourcecode.swift; path = NSString.swift; sourceTree = "<group>"; };
		52870F7719BB7C00001E4163 /* Tailor */ = {isa = PBXFileReference; explicitFileType = "compiled.mach-o.executable"; includeInIndex = 0; path = Tailor; sourceTree = BUILT_PRODUCTS_DIR; };
		52870F7A19BB7C00001E4163 /* main.swift */ = {isa = PBXFileReference; lastKnownFileType = sourcecode.swift; path = main.swift; sourceTree = "<group>"; };
		52D7350A19BC1D890059E612 /* TODO.md */ = {isa = PBXFileReference; fileEncoding = 4; lastKnownFileType = net.daringfireball.markdown; path = TODO.md; sourceTree = "<group>"; };
		52D7350D19BC9B620059E612 /* routes.swift */ = {isa = PBXFileReference; fileEncoding = 4; lastKnownFileType = sourcecode.swift; name = routes.swift; path = app/routes.swift; sourceTree = "<group>"; };
/* End PBXFileReference section */

/* Begin PBXFrameworksBuildPhase section */
		52870F7419BB7C00001E4163 /* Frameworks */ = {
			isa = PBXFrameworksBuildPhase;
			buildActionMask = 2147483647;
			files = (
				524F917219C1179800B16B6E /* libmysqlclient.dylib in Frameworks */,
			);
			runOnlyForDeploymentPostprocessing = 0;
		};
/* End PBXFrameworksBuildPhase section */

/* Begin PBXGroup section */
		527B688B19C38F8400BC62E8 /* controllers */ = {
			isa = PBXGroup;
			children = (
				527B688C19C38F8400BC62E8 /* ItemsController.swift */,
			);
			path = controllers;
			sourceTree = "<group>";
		};
		527B688D19C38F8400BC62E8 /* models */ = {
			isa = PBXGroup;
			children = (
				527B688E19C38F8400BC62E8 /* Hat.swift */,
			);
			path = models;
			sourceTree = "<group>";
		};
		527B688F19C38F8400BC62E8 /* views */ = {
			isa = PBXGroup;
			children = (
				527B689019C38F8400BC62E8 /* items */,
			);
			path = views;
			sourceTree = "<group>";
		};
		527B689019C38F8400BC62E8 /* items */ = {
			isa = PBXGroup;
			children = (
				527B689119C38F8400BC62E8 /* index.swift */,
				527B689219C38F8400BC62E8 /* show.swift */,
			);
			path = items;
			sourceTree = "<group>";
		};
		527B689319C391C700BC62E8 /* app */ = {
			isa = PBXGroup;
			children = (
				527B689419C391C700BC62E8 /* Application.swift */,
				527B689519C391C700BC62E8 /* Connection.swift */,
				527B689619C391C700BC62E8 /* Request.swift */,
				527B689719C391C700BC62E8 /* Response.swift */,
				527B689819C391C700BC62E8 /* RouteSet.swift */,
				527B689919C391C700BC62E8 /* Server.swift */,
			);
			name = app;
			path = lib/app;
			sourceTree = "<group>";
		};
		527B689A19C391C700BC62E8 /* controller */ = {
			isa = PBXGroup;
			children = (
				527B689B19C391C700BC62E8 /* Controller.swift */,
			);
			name = controller;
			path = lib/controller;
			sourceTree = "<group>";
		};
		527B689C19C391C700BC62E8 /* db */ = {
			isa = PBXGroup;
			children = (
				527B689D19C391C700BC62E8 /* DatabaseConnection.swift */,
				527B689E19C391C700BC62E8 /* tailor_c_wrappers.c */,
				527B689F19C391C700BC62E8 /* tailor_c_wrappers.h */,
				527B68A019C391C700BC62E8 /* MysqlConnection.swift */,
			);
			name = db;
			path = lib/db;
			sourceTree = "<group>";
		};
		527B68A119C391C700BC62E8 /* ext */ = {
			isa = PBXGroup;
			children = (
				527B68A219C391C700BC62E8 /* NSDate.swift */,
				527B68B919C3A92600BC62E8 /* NSString.swift */,
			);
			name = ext;
			path = lib/ext;
			sourceTree = "<group>";
		};
		527B68A319C391C700BC62E8 /* model */ = {
			isa = PBXGroup;
			children = (
				527B68A419C391C700BC62E8 /* Record.swift */,
			);
			name = model;
			path = lib/model;
			sourceTree = "<group>";
		};
		527B68A519C391C700BC62E8 /* view */ = {
			isa = PBXGroup;
			children = (
				527B68A619C391C700BC62E8 /* Template.swift */,
			);
			name = view;
			path = lib/view;
			sourceTree = "<group>";
		};
		52870F6E19BB7C00001E4163 = {
			isa = PBXGroup;
			children = (
				524F917119C1179800B16B6E /* libmysqlclient.dylib */,
				52870F7919BB7C00001E4163 /* Tailor */,
				52870F7819BB7C00001E4163 /* Products */,
			);
			sourceTree = "<group>";
		};
		52870F7819BB7C00001E4163 /* Products */ = {
			isa = PBXGroup;
			children = (
				52870F7719BB7C00001E4163 /* Tailor */,
			);
			name = Products;
			sourceTree = "<group>";
		};
		52870F7919BB7C00001E4163 /* Tailor */ = {
			isa = PBXGroup;
			children = (
				52D7350C19BC9B3F0059E612 /* app */,
				527B688B19C38F8400BC62E8 /* controllers */,
				527B688D19C38F8400BC62E8 /* models */,
				527B688F19C38F8400BC62E8 /* views */,
				52D734FB19BBD6A80059E612 /* lib */,
				52870F7A19BB7C00001E4163 /* main.swift */,
				52D7350A19BC1D890059E612 /* TODO.md */,
			);
			path = Tailor;
			sourceTree = "<group>";
		};
		52D734FB19BBD6A80059E612 /* lib */ = {
			isa = PBXGroup;
			children = (
				527B689319C391C700BC62E8 /* app */,
				527B689A19C391C700BC62E8 /* controller */,
				527B689C19C391C700BC62E8 /* db */,
				527B68A119C391C700BC62E8 /* ext */,
				527B68A319C391C700BC62E8 /* model */,
				527B68A519C391C700BC62E8 /* view */,
			);
			name = lib;
			sourceTree = "<group>";
		};
		52D7350C19BC9B3F0059E612 /* app */ = {
			isa = PBXGroup;
			children = (
				527B68A719C3923000BC62E8 /* Tailor-Bridging-Header.h */,
				52D7350D19BC9B620059E612 /* routes.swift */,
				526858EB19C2A54000557B02 /* application.swift */,
			);
			name = app;
			sourceTree = "<group>";
		};
/* End PBXGroup section */

/* Begin PBXNativeTarget section */
		52870F7619BB7C00001E4163 /* Tailor */ = {
			isa = PBXNativeTarget;
			buildConfigurationList = 52870F7E19BB7C00001E4163 /* Build configuration list for PBXNativeTarget "Tailor" */;
			buildPhases = (
				52870F7319BB7C00001E4163 /* Sources */,
				52870F7419BB7C00001E4163 /* Frameworks */,
				52870F7519BB7C00001E4163 /* CopyFiles */,
			);
			buildRules = (
			);
			dependencies = (
			);
			name = Tailor;
			productName = Tailor;
			productReference = 52870F7719BB7C00001E4163 /* Tailor */;
			productType = "com.apple.product-type.tool";
		};
/* End PBXNativeTarget section */

/* Begin PBXProject section */
		52870F6F19BB7C00001E4163 /* Project object */ = {
			isa = PBXProject;
			attributes = {
				LastUpgradeCheck = 0600;
				ORGANIZATIONNAME = "John Brownlee";
				TargetAttributes = {
					52870F7619BB7C00001E4163 = {
						CreatedOnToolsVersion = 6.0;
					};
				};
			};
			buildConfigurationList = 52870F7219BB7C00001E4163 /* Build configuration list for PBXProject "Tailor" */;
			compatibilityVersion = "Xcode 3.2";
			developmentRegion = English;
			hasScannedForEncodings = 0;
			knownRegions = (
				en,
			);
			mainGroup = 52870F6E19BB7C00001E4163;
			productRefGroup = 52870F7819BB7C00001E4163 /* Products */;
			projectDirPath = "";
			projectRoot = "";
			targets = (
				52870F7619BB7C00001E4163 /* Tailor */,
			);
		};
/* End PBXProject section */

/* Begin PBXSourcesBuildPhase section */
		52870F7319BB7C00001E4163 /* Sources */ = {
			isa = PBXSourcesBuildPhase;
			buildActionMask = 2147483647;
			files = (
				527B68B119C3926A00BC62E8 /* MysqlConnection.swift in Sources */,
				527B68A819C3925A00BC62E8 /* Application.swift in Sources */,
				527B68B319C3928100BC62E8 /* Record.swift in Sources */,
				527B68AA19C3925A00BC62E8 /* Request.swift in Sources */,
				526858EC19C2A54000557B02 /* application.swift in Sources */,
				527B68B419C3928100BC62E8 /* Template.swift in Sources */,
				527B68B219C3926F00BC62E8 /* NSDate.swift in Sources */,
				527B68A919C3925A00BC62E8 /* Connection.swift in Sources */,
				527B68AC19C3925A00BC62E8 /* RouteSet.swift in Sources */,
				527B68AE19C3925F00BC62E8 /* Controller.swift in Sources */,
				527B68B819C3929100BC62E8 /* show.swift in Sources */,
				527B68AF19C3926500BC62E8 /* DatabaseConnection.swift in Sources */,
				527B68B519C3928500BC62E8 /* ItemsController.swift in Sources */,
				527B68B719C3929100BC62E8 /* index.swift in Sources */,
				52870F7B19BB7C00001E4163 /* main.swift in Sources */,
				52D7350E19BC9B620059E612 /* routes.swift in Sources */,
				527B68AD19C3925A00BC62E8 /* Server.swift in Sources */,
				527B68B619C3928900BC62E8 /* Hat.swift in Sources */,
				527B68B019C3926800BC62E8 /* tailor_c_wrappers.c in Sources */,
				527B68BA19C3A92600BC62E8 /* NSString.swift in Sources */,
				527B68AB19C3925A00BC62E8 /* Response.swift in Sources */,
			);
			runOnlyForDeploymentPostprocessing = 0;
		};
/* End PBXSourcesBuildPhase section */

/* Begin XCBuildConfiguration section */
		52870F7C19BB7C00001E4163 /* Debug */ = {
			isa = XCBuildConfiguration;
			buildSettings = {
				ALWAYS_SEARCH_USER_PATHS = NO;
				CLANG_CXX_LANGUAGE_STANDARD = "gnu++0x";
				CLANG_CXX_LIBRARY = "libc++";
				CLANG_ENABLE_MODULES = YES;
				CLANG_ENABLE_OBJC_ARC = YES;
				CLANG_WARN_BOOL_CONVERSION = YES;
				CLANG_WARN_CONSTANT_CONVERSION = YES;
				CLANG_WARN_DIRECT_OBJC_ISA_USAGE = YES_ERROR;
				CLANG_WARN_EMPTY_BODY = YES;
				CLANG_WARN_ENUM_CONVERSION = YES;
				CLANG_WARN_INT_CONVERSION = YES;
				CLANG_WARN_OBJC_ROOT_CLASS = YES_ERROR;
				CLANG_WARN_UNREACHABLE_CODE = YES;
				CLANG_WARN__DUPLICATE_METHOD_MATCH = YES;
				COPY_PHASE_STRIP = NO;
				ENABLE_STRICT_OBJC_MSGSEND = YES;
				GCC_C_LANGUAGE_STANDARD = gnu99;
				GCC_DYNAMIC_NO_PIC = NO;
				GCC_OPTIMIZATION_LEVEL = 0;
				GCC_PREPROCESSOR_DEFINITIONS = (
					"DEBUG=1",
					"$(inherited)",
				);
				GCC_SYMBOLS_PRIVATE_EXTERN = NO;
				GCC_WARN_64_TO_32_BIT_CONVERSION = YES;
				GCC_WARN_ABOUT_RETURN_TYPE = YES_ERROR;
				GCC_WARN_UNDECLARED_SELECTOR = YES;
				GCC_WARN_UNINITIALIZED_AUTOS = YES_AGGRESSIVE;
				GCC_WARN_UNUSED_FUNCTION = YES;
				GCC_WARN_UNUSED_VARIABLE = YES;
				HEADER_SEARCH_PATHS = (
					"$(inherited)",
					"/Applications/Xcode-Beta.app/Contents/Developer/Toolchains/XcodeDefault.xctoolchain/usr/include",
					/usr/local/Cellar/mysql/5.6.19/include/mysql,
				);
				LIBRARY_SEARCH_PATHS = /usr/local/Cellar/mysql/5.6.19/lib;
				MACOSX_DEPLOYMENT_TARGET = 10.10;
				MTL_ENABLE_DEBUG_INFO = YES;
				ONLY_ACTIVE_ARCH = YES;
				SDKROOT = macosx;
				SWIFT_OPTIMIZATION_LEVEL = "-Onone";
			};
			name = Debug;
		};
		52870F7D19BB7C00001E4163 /* Release */ = {
			isa = XCBuildConfiguration;
			buildSettings = {
				ALWAYS_SEARCH_USER_PATHS = NO;
				CLANG_CXX_LANGUAGE_STANDARD = "gnu++0x";
				CLANG_CXX_LIBRARY = "libc++";
				CLANG_ENABLE_MODULES = YES;
				CLANG_ENABLE_OBJC_ARC = YES;
				CLANG_WARN_BOOL_CONVERSION = YES;
				CLANG_WARN_CONSTANT_CONVERSION = YES;
				CLANG_WARN_DIRECT_OBJC_ISA_USAGE = YES_ERROR;
				CLANG_WARN_EMPTY_BODY = YES;
				CLANG_WARN_ENUM_CONVERSION = YES;
				CLANG_WARN_INT_CONVERSION = YES;
				CLANG_WARN_OBJC_ROOT_CLASS = YES_ERROR;
				CLANG_WARN_UNREACHABLE_CODE = YES;
				CLANG_WARN__DUPLICATE_METHOD_MATCH = YES;
				COPY_PHASE_STRIP = YES;
				DEBUG_INFORMATION_FORMAT = "dwarf-with-dsym";
				ENABLE_NS_ASSERTIONS = NO;
				ENABLE_STRICT_OBJC_MSGSEND = YES;
				GCC_C_LANGUAGE_STANDARD = gnu99;
				GCC_WARN_64_TO_32_BIT_CONVERSION = YES;
				GCC_WARN_ABOUT_RETURN_TYPE = YES_ERROR;
				GCC_WARN_UNDECLARED_SELECTOR = YES;
				GCC_WARN_UNINITIALIZED_AUTOS = YES_AGGRESSIVE;
				GCC_WARN_UNUSED_FUNCTION = YES;
				GCC_WARN_UNUSED_VARIABLE = YES;
				HEADER_SEARCH_PATHS = (
					"$(inherited)",
					"/Applications/Xcode-Beta.app/Contents/Developer/Toolchains/XcodeDefault.xctoolchain/usr/include",
					/usr/local/Cellar/mysql/5.6.19/include/mysql,
				);
				LIBRARY_SEARCH_PATHS = /usr/local/Cellar/mysql/5.6.19/lib;
				MACOSX_DEPLOYMENT_TARGET = 10.10;
				MTL_ENABLE_DEBUG_INFO = NO;
				SDKROOT = macosx;
			};
			name = Release;
		};
		52870F7F19BB7C00001E4163 /* Debug */ = {
			isa = XCBuildConfiguration;
			buildSettings = {
				CLANG_ENABLE_MODULES = YES;
				LD_RUNPATH_SEARCH_PATHS = "$(inherited) @executable_path/../Frameworks @loader_path/../Frameworks";
				LIBRARY_SEARCH_PATHS = (
					"$(inherited)",
					/usr/local/Cellar/mysql/5.6.19/lib,
				);
				MACOSX_DEPLOYMENT_TARGET = 10.9;
				OTHER_LDFLAGS = "";
				OTHER_LIBTOOLFLAGS = "";
				PRODUCT_NAME = "$(TARGET_NAME)";
				SWIFT_OBJC_BRIDGING_HEADER = "Tailor/app/Tailor-Bridging-Header.h";
				SWIFT_OPTIMIZATION_LEVEL = "-Onone";
			};
			name = Debug;
		};
		52870F8019BB7C00001E4163 /* Release */ = {
			isa = XCBuildConfiguration;
			buildSettings = {
				CLANG_ENABLE_MODULES = YES;
				LD_RUNPATH_SEARCH_PATHS = "$(inherited) @executable_path/../Frameworks @loader_path/../Frameworks";
				LIBRARY_SEARCH_PATHS = (
					"$(inherited)",
					/usr/local/Cellar/mysql/5.6.19/lib,
				);
				MACOSX_DEPLOYMENT_TARGET = 10.9;
				OTHER_LDFLAGS = "";
				OTHER_LIBTOOLFLAGS = "";
				PRODUCT_NAME = "$(TARGET_NAME)";
				SWIFT_OBJC_BRIDGING_HEADER = "Tailor/app/Tailor-Bridging-Header.h";
			};
			name = Release;
		};
/* End XCBuildConfiguration section */

/* Begin XCConfigurationList section */
		52870F7219BB7C00001E4163 /* Build configuration list for PBXProject "Tailor" */ = {
			isa = XCConfigurationList;
			buildConfigurations = (
				52870F7C19BB7C00001E4163 /* Debug */,
				52870F7D19BB7C00001E4163 /* Release */,
			);
			defaultConfigurationIsVisible = 0;
			defaultConfigurationName = Release;
		};
		52870F7E19BB7C00001E4163 /* Build configuration list for PBXNativeTarget "Tailor" */ = {
			isa = XCConfigurationList;
			buildConfigurations = (
				52870F7F19BB7C00001E4163 /* Debug */,
				52870F8019BB7C00001E4163 /* Release */,
			);
			defaultConfigurationIsVisible = 0;
			defaultConfigurationName = Release;
		};
/* End XCConfigurationList section */
	};
	rootObject = 52870F6F19BB7C00001E4163 /* Project object */;
}
